
Microsoft Visual Studio Solution File, Format Version 12.00
# Visual Studio Version 17
VisualStudioVersion = 17.9.34723.18
MinimumVisualStudioVersion = 10.0.40219.1
Project("{9A19103F-16F7-4668-BE54-9A1E7A4F7556}") = "LibraryManagemetApi", "LibraryManagemetApi\LibraryManagemetApi.csproj", "{BDACF45D-9C5A-49F1-8A83-0E87961A2001}"
EndProject
Project("{9A19103F-16F7-4668-BE54-9A1E7A4F7556}") = "RepositoryTesting", "RepositoryTesting\RepositoryTesting.csproj", "{66340107-CBBB-4D5D-8AC9-5B4EDF30D1F6}"
EndProject
Project("{FAE04EC0-301F-11D3-BF4B-00C04F79EFBC}") = "BLTestProj", "BLTestProj\BLTestProj.csproj", "{7892EF84-6342-4729-93D3-97E89EB88951}"
EndProject
Global
	GlobalSection(SolutionConfigurationPlatforms) = preSolution
		Debug|Any CPU = Debug|Any CPU
		Release|Any CPU = Release|Any CPU
	EndGlobalSection
	GlobalSection(ProjectConfigurationPlatforms) = postSolution
		{BDACF45D-9C5A-49F1-8A83-0E87961A2001}.Debug|Any CPU.ActiveCfg = Debug|Any CPU
		{BDACF45D-9C5A-49F1-8A83-0E87961A2001}.Debug|Any CPU.Build.0 = Debug|Any CPU
		{BDACF45D-9C5A-49F1-8A83-0E87961A2001}.Release|Any CPU.ActiveCfg = Release|Any CPU
		{BDACF45D-9C5A-49F1-8A83-0E87961A2001}.Release|Any CPU.Build.0 = Release|Any CPU
		{66340107-CBBB-4D5D-8AC9-5B4EDF30D1F6}.Debug|Any CPU.ActiveCfg = Debug|Any CPU
		{66340107-CBBB-4D5D-8AC9-5B4EDF30D1F6}.Debug|Any CPU.Build.0 = Debug|Any CPU
		{66340107-CBBB-4D5D-8AC9-5B4EDF30D1F6}.Release|Any CPU.ActiveCfg = Release|Any CPU
		{66340107-CBBB-4D5D-8AC9-5B4EDF30D1F6}.Release|Any CPU.Build.0 = Release|Any CPU
		{7892EF84-6342-4729-93D3-97E89EB88951}.Debug|Any CPU.ActiveCfg = Debug|Any CPU
		{7892EF84-6342-4729-93D3-97E89EB88951}.Debug|Any CPU.Build.0 = Debug|Any CPU
		{7892EF84-6342-4729-93D3-97E89EB88951}.Release|Any CPU.ActiveCfg = Release|Any CPU
		{7892EF84-6342-4729-93D3-97E89EB88951}.Release|Any CPU.Build.0 = Release|Any CPU
	EndGlobalSection
	GlobalSection(SolutionProperties) = preSolution
		HideSolutionNode = FALSE
	EndGlobalSection
	GlobalSection(ExtensibilityGlobals) = postSolution
		SolutionGuid = {32226C1B-B97B-4BDF-A4A8-7657AF5972E8}
	EndGlobalSection
EndGlobal
